{
    "_readme": [
        "This file locks the dependencies of your project to a known state",
        "Read more about it at https://getcomposer.org/doc/01-basic-usage.md#installing-dependencies",
        "This file is @generated automatically"
    ],
    "content-hash": "56a1d0d1851dce3ae56d955a18713dad",
    "packages": [
        {
            "name": "kiwilan/php-archive",
            "version": "2.3.02",
            "source": {
                "type": "git",
                "url": "https://github.com/kiwilan/php-archive.git",
                "reference": "2e202603396a620720aad676c4037eebc0443090"
            },
            "dist": {
                "type": "zip",
                "url": "https://api.github.com/repos/kiwilan/php-archive/zipball/2e202603396a620720aad676c4037eebc0443090",
                "reference": "2e202603396a620720aad676c4037eebc0443090",
                "shasum": ""
            },
            "require": {
                "php": "^8.1",
                "smalot/pdfparser": "^2.4",
                "spatie/temporary-directory": "^2.1"
            },
            "require-dev": {
                "laravel/pint": "^1.6",
                "pestphp/pest": "^2.0",
                "phpstan/phpstan": "^1.10",
                "spatie/ray": "^1.28"
            },
            "suggest": {
                "ext-imagick": "*",
                "ext-rar": "*"
            },
            "type": "library",
            "autoload": {
                "psr-4": {
                    "Kiwilan\\Archive\\": "src"
                }
            },
            "notification-url": "https://packagist.org/downloads/",
            "license": [
                "MIT"
            ],
            "authors": [
                {
                    "name": "Ewilan Rivière",
                    "email": "ewilan.riviere@gmail.com",
                    "role": "Developer"
                }
            ],
            "description": "PHP package to handle archives (.zip, .rar, .tar, .7z, .pdf) with unified API and hybrid solution (native/p7zip), designed to works with EPUB and CBA (.cbz, .cbr, .cb7, .cbt).",
            "homepage": "https://github.com/kiwilan/php-archive",
            "keywords": [
                "7z",
                "7zip",
                "archive",
                "cb7",
                "cbr",
                "cbt",
                "cbz",
                "ebook",
                "epub",
                "pdf",
                "php",
                "rar",
                "tar",
                "zip"
            ],
            "support": {
                "issues": "https://github.com/kiwilan/php-archive/issues",
                "source": "https://github.com/kiwilan/php-archive/tree/v2.3.02"
            },
            "funding": [
                {
                    "url": "https://github.com/kiwilan",
                    "type": "github"
                }
            ],
            "time": "2025-08-31T13:13:38+00:00"
        },
        {
            "name": "smalot/pdfparser",
            "version": "v2.12.1",
            "source": {
                "type": "git",
                "url": "https://github.com/smalot/pdfparser.git",
                "reference": "98d31ba34ef5b5a98897ef4b6c3925d502ea53b1"
            },
            "dist": {
                "type": "zip",
                "url": "https://api.github.com/repos/smalot/pdfparser/zipball/98d31ba34ef5b5a98897ef4b6c3925d502ea53b1",
                "reference": "98d31ba34ef5b5a98897ef4b6c3925d502ea53b1",
                "shasum": ""
            },
            "require": {
                "ext-iconv": "*",
                "ext-zlib": "*",
                "php": ">=7.1",
                "symfony/polyfill-mbstring": "^1.18"
            },
            "type": "library",
            "autoload": {
                "psr-0": {
                    "Smalot\\PdfParser\\": "src/"
                }
            },
            "notification-url": "https://packagist.org/downloads/",
            "license": [
                "LGPL-3.0"
            ],
            "authors": [
                {
                    "name": "Sebastien MALOT",
                    "email": "sebastien@malot.fr"
                }
            ],
            "description": "Pdf parser library. Can read and extract information from pdf file.",
            "homepage": "https://www.pdfparser.org",
            "keywords": [
                "extract",
                "parse",
                "parser",
                "pdf",
                "text"
            ],
            "support": {
                "issues": "https://github.com/smalot/pdfparser/issues",
                "source": "https://github.com/smalot/pdfparser/tree/v2.12.1"
            },
            "time": "2025-07-31T06:19:56+00:00"
        },
        {
            "name": "spatie/temporary-directory",
            "version": "2.3.0",
            "source": {
                "type": "git",
                "url": "https://github.com/spatie/temporary-directory.git",
                "reference": "580eddfe9a0a41a902cac6eeb8f066b42e65a32b"
            },
            "dist": {
                "type": "zip",
                "url": "https://api.github.com/repos/spatie/temporary-directory/zipball/580eddfe9a0a41a902cac6eeb8f066b42e65a32b",
                "reference": "580eddfe9a0a41a902cac6eeb8f066b42e65a32b",
                "shasum": ""
            },
            "require": {
                "php": "^8.0"
            },
            "require-dev": {
                "phpunit/phpunit": "^9.5"
            },
            "type": "library",
            "autoload": {
                "psr-4": {
                    "Spatie\\TemporaryDirectory\\": "src"
                }
            },
            "notification-url": "https://packagist.org/downloads/",
            "license": [
                "MIT"
            ],
            "authors": [
                {
                    "name": "Alex Vanderbist",
                    "email": "alex@spatie.be",
                    "homepage": "https://spatie.be",
                    "role": "Developer"
                }
            ],
            "description": "Easily create, use and destroy temporary directories",
            "homepage": "https://github.com/spatie/temporary-directory",
            "keywords": [
                "php",
                "spatie",
                "temporary-directory"
            ],
            "support": {
                "issues": "https://github.com/spatie/temporary-directory/issues",
                "source": "https://github.com/spatie/temporary-directory/tree/2.3.0"
            },
            "funding": [
                {
                    "url": "https://spatie.be/open-source/support-us",
                    "type": "custom"
                },
                {
                    "url": "https://github.com/spatie",
                    "type": "github"
                }
            ],
            "time": "2025-01-13T13:04:43+00:00"
        },
        {
            "name": "symfony/polyfill-mbstring",
            "version": "v1.33.0",
            "source": {
                "type": "git",
                "url": "https://github.com/symfony/polyfill-mbstring.git",
                "reference": "6d857f4d76bd4b343eac26d6b539585d2bc56493"
            },
            "dist": {
                "type": "zip",
                "url": "https://api.github.com/repos/symfony/polyfill-mbstring/zipball/6d857f4d76bd4b343eac26d6b539585d2bc56493",
                "reference": "6d857f4d76bd4b343eac26d6b539585d2bc56493",
                "shasum": ""
            },
            "require": {
                "ext-iconv": "*",
                "php": ">=7.2"
            },
            "provide": {
                "ext-mbstring": "*"
            },
            "suggest": {
                "ext-mbstring": "For best performance"
            },
            "type": "library",
            "extra": {
                "thanks": {
                    "url": "https://github.com/symfony/polyfill",
                    "name": "symfony/polyfill"
                }
            },
            "autoload": {
                "files": [
                    "bootstrap.php"
                ],
                "psr-4": {
                    "Symfony\\Polyfill\\Mbstring\\": ""
                }
            },
            "notification-url": "https://packagist.org/downloads/",
            "license": [
                "MIT"
            ],
            "authors": [
                {
                    "name": "Nicolas Grekas",
                    "email": "p@tchwork.com"
                },
                {
                    "name": "Symfony Community",
                    "homepage": "https://symfony.com/contributors"
                }
            ],
            "description": "Symfony polyfill for the Mbstring extension",
            "homepage": "https://symfony.com",
            "keywords": [
                "compatibility",
                "mbstring",
                "polyfill",
                "portable",
                "shim"
            ],
            "support": {
                "source": "https://github.com/symfony/polyfill-mbstring/tree/v1.33.0"
            },
            "funding": [
                {
                    "url": "https://symfony.com/sponsor",
                    "type": "custom"
                },
                {
                    "url": "https://github.com/fabpot",
                    "type": "github"
                },
                {
                    "url": "https://github.com/nicolas-grekas",
                    "type": "github"
                },
                {
                    "url": "https://tidelift.com/funding/github/packagist/symfony/symfony",
                    "type": "tidelift"
                }
            ],
            "time": "2024-12-23T08:48:59+00:00"
        }
    ],
    "packages-dev": [],
    "aliases": [],
    "minimum-stability": "stable",
    "stability-flags": {},
    "prefer-stable": false,
    "prefer-lowest": false,
    "platform": {
        "php": "^8.2"
    },
    "platform-dev": {},
    "plugin-api-version": "2.9.0"
}
